
Microsoft Visual Studio Solution File, Format Version 12.00
# Visual Studio Version 16
VisualStudioVersion = 16.0.30413.136
MinimumVisualStudioVersion = 10.0.40219.1
Project("{FAE04EC0-301F-11D3-BF4B-00C04F79EFBC}") = "Starbot", "Starbot.csproj", "{155CE097-B50B-475D-B420-8060A092C267}"
EndProject
Project("{FAE04EC0-301F-11D3-BF4B-00C04F79EFBC}") = "StarbotLib", "StarbotLib\StarbotLib.csproj", "{1BC0F48F-5FC1-43F6-922D-1BCD11E697F8}"
EndProject
Project("{FAE04EC0-301F-11D3-BF4B-00C04F79EFBC}") = "StarbotServer", "StarbotServer\StarbotServer.csproj", "{CB76FE65-5311-454E-AEC1-63CF65B08913}"
EndProject
Project("{FAE04EC0-301F-11D3-BF4B-00C04F79EFBC}") = "StarbotServerTest", "StarbotServerTest\StarbotServerTest.csproj", "{2F86D701-BBCC-4F23-9F6B-A183FBF5AB9C}"
EndProject
Global
	GlobalSection(SolutionConfigurationPlatforms) = preSolution
		Debug|Any CPU = Debug|Any CPU
		Debug|x64 = Debug|x64
		Debug|x86 = Debug|x86
		Release|Any CPU = Release|Any CPU
		Release|x64 = Release|x64
		Release|x86 = Release|x86
	EndGlobalSection
	GlobalSection(ProjectConfigurationPlatforms) = postSolution
		{155CE097-B50B-475D-B420-8060A092C267}.Debug|Any CPU.ActiveCfg = Release|x86
		{155CE097-B50B-475D-B420-8060A092C267}.Debug|Any CPU.Build.0 = Release|x86
		{155CE097-B50B-475D-B420-8060A092C267}.Debug|x64.ActiveCfg = Release|Any CPU
		{155CE097-B50B-475D-B420-8060A092C267}.Debug|x86.ActiveCfg = Release|x86
		{155CE097-B50B-475D-B420-8060A092C267}.Debug|x86.Build.0 = Release|x86
		{155CE097-B50B-475D-B420-8060A092C267}.Release|Any CPU.ActiveCfg = Release|Any CPU
		{155CE097-B50B-475D-B420-8060A092C267}.Release|Any CPU.Build.0 = Release|Any CPU
		{155CE097-B50B-475D-B420-8060A092C267}.Release|x64.ActiveCfg = Release|Any CPU
		{155CE097-B50B-475D-B420-8060A092C267}.Release|x86.ActiveCfg = Release|x86
		{155CE097-B50B-475D-B420-8060A092C267}.Release|x86.Build.0 = Release|x86
		{1BC0F48F-5FC1-43F6-922D-1BCD11E697F8}.Debug|Any CPU.ActiveCfg = Debug|Any CPU
		{1BC0F48F-5FC1-43F6-922D-1BCD11E697F8}.Debug|Any CPU.Build.0 = Debug|Any CPU
		{1BC0F48F-5FC1-43F6-922D-1BCD11E697F8}.Debug|x64.ActiveCfg = Debug|Any CPU
		{1BC0F48F-5FC1-43F6-922D-1BCD11E697F8}.Debug|x64.Build.0 = Debug|Any CPU
		{1BC0F48F-5FC1-43F6-922D-1BCD11E697F8}.Debug|x86.ActiveCfg = Debug|Any CPU
		{1BC0F48F-5FC1-43F6-922D-1BCD11E697F8}.Debug|x86.Build.0 = Debug|Any CPU
		{1BC0F48F-5FC1-43F6-922D-1BCD11E697F8}.Release|Any CPU.ActiveCfg = Release|Any CPU
		{1BC0F48F-5FC1-43F6-922D-1BCD11E697F8}.Release|Any CPU.Build.0 = Release|Any CPU
		{1BC0F48F-5FC1-43F6-922D-1BCD11E697F8}.Release|x64.ActiveCfg = Release|Any CPU
		{1BC0F48F-5FC1-43F6-922D-1BCD11E697F8}.Release|x64.Build.0 = Release|Any CPU
		{1BC0F48F-5FC1-43F6-922D-1BCD11E697F8}.Release|x86.ActiveCfg = Release|Any CPU
		{1BC0F48F-5FC1-43F6-922D-1BCD11E697F8}.Release|x86.Build.0 = Release|Any CPU
		{CB76FE65-5311-454E-AEC1-63CF65B08913}.Debug|Any CPU.ActiveCfg = Debug|Any CPU
		{CB76FE65-5311-454E-AEC1-63CF65B08913}.Debug|Any CPU.Build.0 = Debug|Any CPU
		{CB76FE65-5311-454E-AEC1-63CF65B08913}.Debug|x64.ActiveCfg = Debug|Any CPU
		{CB76FE65-5311-454E-AEC1-63CF65B08913}.Debug|x64.Build.0 = Debug|Any CPU
		{CB76FE65-5311-454E-AEC1-63CF65B08913}.Debug|x86.ActiveCfg = Debug|Any CPU
		{CB76FE65-5311-454E-AEC1-63CF65B08913}.Debug|x86.Build.0 = Debug|Any CPU
		{CB76FE65-5311-454E-AEC1-63CF65B08913}.Release|Any CPU.ActiveCfg = Release|Any CPU
		{CB76FE65-5311-454E-AEC1-63CF65B08913}.Release|Any CPU.Build.0 = Release|Any CPU
		{CB76FE65-5311-454E-AEC1-63CF65B08913}.Release|x64.ActiveCfg = Release|Any CPU
		{CB76FE65-5311-454E-AEC1-63CF65B08913}.Release|x64.Build.0 = Release|Any CPU
		{CB76FE65-5311-454E-AEC1-63CF65B08913}.Release|x86.ActiveCfg = Release|Any CPU
		{CB76FE65-5311-454E-AEC1-63CF65B08913}.Release|x86.Build.0 = Release|Any CPU
		{2F86D701-BBCC-4F23-9F6B-A183FBF5AB9C}.Debug|Any CPU.ActiveCfg = Debug|Any CPU
		{2F86D701-BBCC-4F23-9F6B-A183FBF5AB9C}.Debug|Any CPU.Build.0 = Debug|Any CPU
		{2F86D701-BBCC-4F23-9F6B-A183FBF5AB9C}.Debug|x64.ActiveCfg = Debug|Any CPU
		{2F86D701-BBCC-4F23-9F6B-A183FBF5AB9C}.Debug|x64.Build.0 = Debug|Any CPU
		{2F86D701-BBCC-4F23-9F6B-A183FBF5AB9C}.Debug|x86.ActiveCfg = Debug|Any CPU
		{2F86D701-BBCC-4F23-9F6B-A183FBF5AB9C}.Debug|x86.Build.0 = Debug|Any CPU
		{2F86D701-BBCC-4F23-9F6B-A183FBF5AB9C}.Release|Any CPU.ActiveCfg = Release|Any CPU
		{2F86D701-BBCC-4F23-9F6B-A183FBF5AB9C}.Release|Any CPU.Build.0 = Release|Any CPU
		{2F86D701-BBCC-4F23-9F6B-A183FBF5AB9C}.Release|x64.ActiveCfg = Release|Any CPU
		{2F86D701-BBCC-4F23-9F6B-A183FBF5AB9C}.Release|x64.Build.0 = Release|Any CPU
		{2F86D701-BBCC-4F23-9F6B-A183FBF5AB9C}.Release|x86.ActiveCfg = Release|Any CPU
		{2F86D701-BBCC-4F23-9F6B-A183FBF5AB9C}.Release|x86.Build.0 = Release|Any CPU
	EndGlobalSection
	GlobalSection(SolutionProperties) = preSolution
		HideSolutionNode = FALSE
	EndGlobalSection
	GlobalSection(ExtensibilityGlobals) = postSolution
		SolutionGuid = {E16E5473-CC69-4796-83A6-760ACC23239C}
	EndGlobalSection
EndGlobal
